dependencies:
- name: minio
  repository: https://charts.bitnami.com/bitnami
  version: 14.3.3
- name: thanos
  repository: https://charts.bitnami.com/bitnami
  version: 15.4.1
digest: sha256:9c489ec7ebcdd8e6546710ec4b6538dc2fd9742085942de343497e7a40ab1220
generated: "2024-05-01T09:19:19.1402696-05:00"
